
Microsoft Visual Studio Solution File, Format Version 12.00
# Visual Studio Version 17
VisualStudioVersion = 17.11.35303.130
MinimumVisualStudioVersion = 10.0.40219.1
Project("{FAE04EC0-301F-11D3-BF4B-00C04F79EFBC}") = "ejer4GitHubEsteEsbueno", "ejer4GitHubEsteEsbueno.csproj", "{DABE1C30-7C72-43F4-8228-475AECFA47BD}"
EndProject
Global
	GlobalSection(SolutionConfigurationPlatforms) = preSolution
		Debug|Any CPU = Debug|Any CPU
		Release|Any CPU = Release|Any CPU
	EndGlobalSection
	GlobalSection(ProjectConfigurationPlatforms) = postSolution
		{DABE1C30-7C72-43F4-8228-475AECFA47BD}.Debug|Any CPU.ActiveCfg = Debug|Any CPU
		{DABE1C30-7C72-43F4-8228-475AECFA47BD}.Debug|Any CPU.Build.0 = Debug|Any CPU
		{DABE1C30-7C72-43F4-8228-475AECFA47BD}.Release|Any CPU.ActiveCfg = Release|Any CPU
		{DABE1C30-7C72-43F4-8228-475AECFA47BD}.Release|Any CPU.Build.0 = Release|Any CPU
	EndGlobalSection
	GlobalSection(SolutionProperties) = preSolution
		HideSolutionNode = FALSE
	EndGlobalSection
	GlobalSection(ExtensibilityGlobals) = postSolution
		SolutionGuid = {2A10136D-4F83-41BE-967C-645BF2A3F2DC}
	EndGlobalSection
EndGlobal
